
Microsoft Visual Studio Solution File, Format Version 12.00
Project("{FAE04EC0-301F-11D3-BF4B-00C04F79EFBC}") = "BasketTest", "BasketTest\BasketTest.csproj", "{D42CA9C0-8ABC-424B-ACE6-9E34B5332833}"
EndProject
Project("{FAE04EC0-301F-11D3-BF4B-00C04F79EFBC}") = "Basket", "Basket\Basket.csproj", "{1C6BFB11-2A2D-4C42-9CCE-D55E99B0ABC6}"
EndProject
Global
	GlobalSection(SolutionConfigurationPlatforms) = preSolution
		Debug|Any CPU = Debug|Any CPU
		Release|Any CPU = Release|Any CPU
	EndGlobalSection
	GlobalSection(ProjectConfigurationPlatforms) = postSolution
		{D42CA9C0-8ABC-424B-ACE6-9E34B5332833}.Debug|Any CPU.ActiveCfg = Debug|Any CPU
		{D42CA9C0-8ABC-424B-ACE6-9E34B5332833}.Debug|Any CPU.Build.0 = Debug|Any CPU
		{D42CA9C0-8ABC-424B-ACE6-9E34B5332833}.Release|Any CPU.ActiveCfg = Release|Any CPU
		{D42CA9C0-8ABC-424B-ACE6-9E34B5332833}.Release|Any CPU.Build.0 = Release|Any CPU
		{1C6BFB11-2A2D-4C42-9CCE-D55E99B0ABC6}.Debug|Any CPU.ActiveCfg = Debug|Any CPU
		{1C6BFB11-2A2D-4C42-9CCE-D55E99B0ABC6}.Debug|Any CPU.Build.0 = Debug|Any CPU
		{1C6BFB11-2A2D-4C42-9CCE-D55E99B0ABC6}.Release|Any CPU.ActiveCfg = Release|Any CPU
		{1C6BFB11-2A2D-4C42-9CCE-D55E99B0ABC6}.Release|Any CPU.Build.0 = Release|Any CPU
	EndGlobalSection
EndGlobal
